
Microsoft Visual Studio Solution File, Format Version 12.00
Project("{FAE04EC0-301F-11D3-BF4B-00C04F79EFBC}") = "Patterns", "Patterns\Patterns.csproj", "{3FC3CC12-8962-47BC-93A8-4EFE93E13378}"
EndProject
Project("{FAE04EC0-301F-11D3-BF4B-00C04F79EFBC}") = "Strategy", "Strategy\Strategy.csproj", "{984DE322-7CD3-434D-84E5-19CD66F12211}"
EndProject
Project("{FAE04EC0-301F-11D3-BF4B-00C04F79EFBC}") = "ObserverAndIterator", "ObserverAndIterator\ObserverAndIterator.csproj", "{8FF568C9-78F5-4DCC-B5F6-0D69E290C2AA}"
EndProject
Project("{FAE04EC0-301F-11D3-BF4B-00C04F79EFBC}") = "IoC", "IoC\IoC.csproj", "{1C910839-B1FE-4BD6-99A0-C7F38A8F899D}"
EndProject
Project("{FAE04EC0-301F-11D3-BF4B-00C04F79EFBC}") = "AbstractFactoryAndBuilder", "AbstractFactoryAndBuilder\AbstractFactoryAndBuilder.csproj", "{2F1E604A-D8A2-4410-B681-770FBCE33DA6}"
EndProject
Project("{FAE04EC0-301F-11D3-BF4B-00C04F79EFBC}") = "BFS_DFS_Iterator", "BFS_DFS_Iterator\BFS_DFS_Iterator.csproj", "{9DD9AFD0-46D3-44C8-B7B2-9DD98DC14978}"
EndProject
Global
	GlobalSection(SolutionConfigurationPlatforms) = preSolution
		Debug|Any CPU = Debug|Any CPU
		Release|Any CPU = Release|Any CPU
	EndGlobalSection
	GlobalSection(ProjectConfigurationPlatforms) = postSolution
		{3FC3CC12-8962-47BC-93A8-4EFE93E13378}.Debug|Any CPU.ActiveCfg = Debug|Any CPU
		{3FC3CC12-8962-47BC-93A8-4EFE93E13378}.Debug|Any CPU.Build.0 = Debug|Any CPU
		{3FC3CC12-8962-47BC-93A8-4EFE93E13378}.Release|Any CPU.ActiveCfg = Release|Any CPU
		{3FC3CC12-8962-47BC-93A8-4EFE93E13378}.Release|Any CPU.Build.0 = Release|Any CPU
		{984DE322-7CD3-434D-84E5-19CD66F12211}.Debug|Any CPU.ActiveCfg = Debug|Any CPU
		{984DE322-7CD3-434D-84E5-19CD66F12211}.Debug|Any CPU.Build.0 = Debug|Any CPU
		{984DE322-7CD3-434D-84E5-19CD66F12211}.Release|Any CPU.ActiveCfg = Release|Any CPU
		{984DE322-7CD3-434D-84E5-19CD66F12211}.Release|Any CPU.Build.0 = Release|Any CPU
		{8FF568C9-78F5-4DCC-B5F6-0D69E290C2AA}.Debug|Any CPU.ActiveCfg = Debug|Any CPU
		{8FF568C9-78F5-4DCC-B5F6-0D69E290C2AA}.Debug|Any CPU.Build.0 = Debug|Any CPU
		{8FF568C9-78F5-4DCC-B5F6-0D69E290C2AA}.Release|Any CPU.ActiveCfg = Release|Any CPU
		{8FF568C9-78F5-4DCC-B5F6-0D69E290C2AA}.Release|Any CPU.Build.0 = Release|Any CPU
		{1C910839-B1FE-4BD6-99A0-C7F38A8F899D}.Debug|Any CPU.ActiveCfg = Debug|Any CPU
		{1C910839-B1FE-4BD6-99A0-C7F38A8F899D}.Debug|Any CPU.Build.0 = Debug|Any CPU
		{1C910839-B1FE-4BD6-99A0-C7F38A8F899D}.Release|Any CPU.ActiveCfg = Release|Any CPU
		{1C910839-B1FE-4BD6-99A0-C7F38A8F899D}.Release|Any CPU.Build.0 = Release|Any CPU
		{2F1E604A-D8A2-4410-B681-770FBCE33DA6}.Debug|Any CPU.ActiveCfg = Debug|Any CPU
		{2F1E604A-D8A2-4410-B681-770FBCE33DA6}.Debug|Any CPU.Build.0 = Debug|Any CPU
		{2F1E604A-D8A2-4410-B681-770FBCE33DA6}.Release|Any CPU.ActiveCfg = Release|Any CPU
		{2F1E604A-D8A2-4410-B681-770FBCE33DA6}.Release|Any CPU.Build.0 = Release|Any CPU
		{9DD9AFD0-46D3-44C8-B7B2-9DD98DC14978}.Debug|Any CPU.ActiveCfg = Debug|Any CPU
		{9DD9AFD0-46D3-44C8-B7B2-9DD98DC14978}.Debug|Any CPU.Build.0 = Debug|Any CPU
		{9DD9AFD0-46D3-44C8-B7B2-9DD98DC14978}.Release|Any CPU.ActiveCfg = Release|Any CPU
		{9DD9AFD0-46D3-44C8-B7B2-9DD98DC14978}.Release|Any CPU.Build.0 = Release|Any CPU
	EndGlobalSection
EndGlobal
